
Microsoft Visual Studio Solution File, Format Version 12.00
# Visual Studio Version 16
VisualStudioVersion = 16.0.29806.167
MinimumVisualStudioVersion = 10.0.40219.1
Project("{9A19103F-16F7-4668-BE54-9A1E7A4F7556}") = "DnsClientProject", "DnsClientProject\DnsClientProject.csproj", "{B4CBD7A4-A355-462D-8919-53C82511E0C0}"
EndProject
Project("{FAE04EC0-301F-11D3-BF4B-00C04F79EFBC}") = "DnsClientProject.Test", "DnsClientProject.Test\DnsClientProject.Test.csproj", "{5DCF4AB9-52E3-4428-B5D5-F4E872004C98}"
EndProject
Global
	GlobalSection(SolutionConfigurationPlatforms) = preSolution
		Debug|Any CPU = Debug|Any CPU
		Release|Any CPU = Release|Any CPU
	EndGlobalSection
	GlobalSection(ProjectConfigurationPlatforms) = postSolution
		{B4CBD7A4-A355-462D-8919-53C82511E0C0}.Debug|Any CPU.ActiveCfg = Debug|Any CPU
		{B4CBD7A4-A355-462D-8919-53C82511E0C0}.Debug|Any CPU.Build.0 = Debug|Any CPU
		{B4CBD7A4-A355-462D-8919-53C82511E0C0}.Release|Any CPU.ActiveCfg = Release|Any CPU
		{B4CBD7A4-A355-462D-8919-53C82511E0C0}.Release|Any CPU.Build.0 = Release|Any CPU
		{5DCF4AB9-52E3-4428-B5D5-F4E872004C98}.Debug|Any CPU.ActiveCfg = Debug|Any CPU
		{5DCF4AB9-52E3-4428-B5D5-F4E872004C98}.Debug|Any CPU.Build.0 = Debug|Any CPU
		{5DCF4AB9-52E3-4428-B5D5-F4E872004C98}.Release|Any CPU.ActiveCfg = Release|Any CPU
		{5DCF4AB9-52E3-4428-B5D5-F4E872004C98}.Release|Any CPU.Build.0 = Release|Any CPU
	EndGlobalSection
	GlobalSection(SolutionProperties) = preSolution
		HideSolutionNode = FALSE
	EndGlobalSection
	GlobalSection(ExtensibilityGlobals) = postSolution
		SolutionGuid = {AE21BE8F-0B68-45F8-81C7-0F58BFE5DE9C}
	EndGlobalSection
EndGlobal
